
Microsoft Visual Studio Solution File, Format Version 12.00
# Visual Studio Version 17
VisualStudioVersion = 17.8.34511.84
MinimumVisualStudioVersion = 10.0.40219.1
Project("{FAE04EC0-301F-11D3-BF4B-00C04F79EFBC}") = "TestTaskGasFlows", "TestTaskGasFlows\TestTaskGasFlows.csproj", "{C37ECED3-7E53-4B30-AD0A-F6316E6B4598}"
EndProject
Global
	GlobalSection(SolutionConfigurationPlatforms) = preSolution
		Debug|Any CPU = Debug|Any CPU
		Release|Any CPU = Release|Any CPU
	EndGlobalSection
	GlobalSection(ProjectConfigurationPlatforms) = postSolution
		{C37ECED3-7E53-4B30-AD0A-F6316E6B4598}.Debug|Any CPU.ActiveCfg = Debug|Any CPU
		{C37ECED3-7E53-4B30-AD0A-F6316E6B4598}.Debug|Any CPU.Build.0 = Debug|Any CPU
		{C37ECED3-7E53-4B30-AD0A-F6316E6B4598}.Release|Any CPU.ActiveCfg = Release|Any CPU
		{C37ECED3-7E53-4B30-AD0A-F6316E6B4598}.Release|Any CPU.Build.0 = Release|Any CPU
	EndGlobalSection
	GlobalSection(SolutionProperties) = preSolution
		HideSolutionNode = FALSE
	EndGlobalSection
	GlobalSection(ExtensibilityGlobals) = postSolution
		SolutionGuid = {F209F8F0-CE51-4514-9011-A3218754694A}
	EndGlobalSection
EndGlobal
